// !$*UTF8*$!
{
	archiveVersion = 1;
	classes = {
	};
	objectVersion = 46;
	objects = {

/* Begin PBXBuildFile section */
		176BEACD1D517C9900180FE9 /* AppDelegate.swift in Sources */ = {isa = PBXBuildFile; fileRef = 176BEACC1D517C9900180FE9 /* AppDelegate.swift */; };
		176BEACF1D517C9900180FE9 /* SignInVC.swift in Sources */ = {isa = PBXBuildFile; fileRef = 176BEACE1D517C9900180FE9 /* SignInVC.swift */; };
		176BEAD21D517C9900180FE9 /* Main.storyboard in Resources */ = {isa = PBXBuildFile; fileRef = 176BEAD01D517C9900180FE9 /* Main.storyboard */; };
		176BEAD41D517C9900180FE9 /* Assets.xcassets in Resources */ = {isa = PBXBuildFile; fileRef = 176BEAD31D517C9900180FE9 /* Assets.xcassets */; };
		176BEAD71D517C9900180FE9 /* LaunchScreen.storyboard in Resources */ = {isa = PBXBuildFile; fileRef = 176BEAD51D517C9900180FE9 /* LaunchScreen.storyboard */; };
		176BEADF1D517CD900180FE9 /* GoogleService-Info.plist in Resources */ = {isa = PBXBuildFile; fileRef = 176BEADE1D517CD900180FE9 /* GoogleService-Info.plist */; };
		178CA5A41D525B1D00F61024 /* headerView.swift in Sources */ = {isa = PBXBuildFile; fileRef = 178CA5A31D525B1D00F61024 /* headerView.swift */; };
		178CA5A61D525B8C00F61024 /* Constants.swift in Sources */ = {isa = PBXBuildFile; fileRef = 178CA5A51D525B8C00F61024 /* Constants.swift */; };
		178CA5AA1D525D9D00F61024 /* roundBtn.swift in Sources */ = {isa = PBXBuildFile; fileRef = 178CA5A91D525D9D00F61024 /* roundBtn.swift */; };
		178CA5AC1D52600900F61024 /* betterField.swift in Sources */ = {isa = PBXBuildFile; fileRef = 178CA5AB1D52600900F61024 /* betterField.swift */; };
		178CA5AE1D52613300F61024 /* roundRectBtn.swift in Sources */ = {isa = PBXBuildFile; fileRef = 178CA5AD1D52613300F61024 /* roundRectBtn.swift */; };
		178CA5B01D52718200F61024 /* FeedVC.swift in Sources */ = {isa = PBXBuildFile; fileRef = 178CA5AF1D52718200F61024 /* FeedVC.swift */; };
		178CA5B21D52A90200F61024 /* circleView.swift in Sources */ = {isa = PBXBuildFile; fileRef = 178CA5B11D52A90200F61024 /* circleView.swift */; };
		178CA5B41D52AEFE00F61024 /* PostCell.swift in Sources */ = {isa = PBXBuildFile; fileRef = 178CA5B31D52AEFE00F61024 /* PostCell.swift */; };
		178CA5B71D52B92B00F61024 /* DataService.swift in Sources */ = {isa = PBXBuildFile; fileRef = 178CA5B61D52B92B00F61024 /* DataService.swift */; };
		178CA5B91D52C57700F61024 /* Post.swift in Sources */ = {isa = PBXBuildFile; fileRef = 178CA5B81D52C57700F61024 /* Post.swift */; };
		2FF06A0FCE8390FD546B62EA /* Pods_socialApp.framework in Frameworks */ = {isa = PBXBuildFile; fileRef = 5715559BEE168FC1BAC18CF8 /* Pods_socialApp.framework */; };
/* End PBXBuildFile section */

/* Begin PBXFileReference section */
		176BEAC91D517C9900180FE9 /* socialApp.app */ = {isa = PBXFileReference; explicitFileType = wrapper.application; includeInIndex = 0; path = socialApp.app; sourceTree = BUILT_PRODUCTS_DIR; };
		176BEACC1D517C9900180FE9 /* AppDelegate.swift */ = {isa = PBXFileReference; lastKnownFileType = sourcecode.swift; path = AppDelegate.swift; sourceTree = "<group>"; };
		176BEACE1D517C9900180FE9 /* SignInVC.swift */ = {isa = PBXFileReference; lastKnownFileType = sourcecode.swift; path = SignInVC.swift; sourceTree = "<group>"; };
		176BEAD11D517C9900180FE9 /* Base */ = {isa = PBXFileReference; lastKnownFileType = file.storyboard; name = Base; path = Base.lproj/Main.storyboard; sourceTree = "<group>"; };
		176BEAD31D517C9900180FE9 /* Assets.xcassets */ = {isa = PBXFileReference; lastKnownFileType = folder.assetcatalog; path = Assets.xcassets; sourceTree = "<group>"; };
		176BEAD61D517C9900180FE9 /* Base */ = {isa = PBXFileReference; lastKnownFileType = file.storyboard; name = Base; path = Base.lproj/LaunchScreen.storyboard; sourceTree = "<group>"; };
		176BEAD81D517C9900180FE9 /* Info.plist */ = {isa = PBXFileReference; lastKnownFileType = text.plist.xml; path = Info.plist; sourceTree = "<group>"; };
		176BEADE1D517CD900180FE9 /* GoogleService-Info.plist */ = {isa = PBXFileReference; fileEncoding = 4; lastKnownFileType = text.plist.xml; path = "GoogleService-Info.plist"; sourceTree = "<group>"; };
		178CA5A31D525B1D00F61024 /* headerView.swift */ = {isa = PBXFileReference; fileEncoding = 4; lastKnownFileType = sourcecode.swift; path = headerView.swift; sourceTree = "<group>"; };
		178CA5A51D525B8C00F61024 /* Constants.swift */ = {isa = PBXFileReference; fileEncoding = 4; lastKnownFileType = sourcecode.swift; path = Constants.swift; sourceTree = "<group>"; };
		178CA5A91D525D9D00F61024 /* roundBtn.swift */ = {isa = PBXFileReference; fileEncoding = 4; lastKnownFileType = sourcecode.swift; path = roundBtn.swift; sourceTree = "<group>"; };
		178CA5AB1D52600900F61024 /* betterField.swift */ = {isa = PBXFileReference; fileEncoding = 4; lastKnownFileType = sourcecode.swift; path = betterField.swift; sourceTree = "<group>"; };
		178CA5AD1D52613300F61024 /* roundRectBtn.swift */ = {isa = PBXFileReference; fileEncoding = 4; lastKnownFileType = sourcecode.swift; path = roundRectBtn.swift; sourceTree = "<group>"; };
		178CA5AF1D52718200F61024 /* FeedVC.swift */ = {isa = PBXFileReference; fileEncoding = 4; lastKnownFileType = sourcecode.swift; path = FeedVC.swift; sourceTree = "<group>"; };
		178CA5B11D52A90200F61024 /* circleView.swift */ = {isa = PBXFileReference; fileEncoding = 4; lastKnownFileType = sourcecode.swift; path = circleView.swift; sourceTree = "<group>"; };
		178CA5B31D52AEFE00F61024 /* PostCell.swift */ = {isa = PBXFileReference; fileEncoding = 4; lastKnownFileType = sourcecode.swift; path = PostCell.swift; sourceTree = "<group>"; };
		178CA5B61D52B92B00F61024 /* DataService.swift */ = {isa = PBXFileReference; fileEncoding = 4; lastKnownFileType = sourcecode.swift; path = DataService.swift; sourceTree = "<group>"; };
		178CA5B81D52C57700F61024 /* Post.swift */ = {isa = PBXFileReference; fileEncoding = 4; lastKnownFileType = sourcecode.swift; path = Post.swift; sourceTree = "<group>"; };
		5715559BEE168FC1BAC18CF8 /* Pods_socialApp.framework */ = {isa = PBXFileReference; explicitFileType = wrapper.framework; includeInIndex = 0; path = Pods_socialApp.framework; sourceTree = BUILT_PRODUCTS_DIR; };
		BDCE9DCAEB973C6A59CE0A06 /* Pods-socialApp.debug.xcconfig */ = {isa = PBXFileReference; includeInIndex = 1; lastKnownFileType = text.xcconfig; name = "Pods-socialApp.debug.xcconfig"; path = "Pods/Target Support Files/Pods-socialApp/Pods-socialApp.debug.xcconfig"; sourceTree = "<group>"; };
		CF8273259FB41F506AAE03F6 /* Pods-socialApp.release.xcconfig */ = {isa = PBXFileReference; includeInIndex = 1; lastKnownFileType = text.xcconfig; name = "Pods-socialApp.release.xcconfig"; path = "Pods/Target Support Files/Pods-socialApp/Pods-socialApp.release.xcconfig"; sourceTree = "<group>"; };
/* End PBXFileReference section */

/* Begin PBXFrameworksBuildPhase section */
		176BEAC61D517C9900180FE9 /* Frameworks */ = {
			isa = PBXFrameworksBuildPhase;
			buildActionMask = 2147483647;
			files = (
				2FF06A0FCE8390FD546B62EA /* Pods_socialApp.framework in Frameworks */,
			);
			runOnlyForDeploymentPostprocessing = 0;
		};
/* End PBXFrameworksBuildPhase section */

/* Begin PBXGroup section */
		176BEAC01D517C9900180FE9 = {
			isa = PBXGroup;
			children = (
				176BEACB1D517C9900180FE9 /* socialApp */,
				176BEACA1D517C9900180FE9 /* Products */,
				BD93A926726650F1E162C430 /* Pods */,
				BB8EE2F0A0F422CB569B40F5 /* Frameworks */,
			);
			sourceTree = "<group>";
		};
		176BEACA1D517C9900180FE9 /* Products */ = {
			isa = PBXGroup;
			children = (
				176BEAC91D517C9900180FE9 /* socialApp.app */,
			);
			name = Products;
			sourceTree = "<group>";
		};
		176BEACB1D517C9900180FE9 /* socialApp */ = {
			isa = PBXGroup;
			children = (
				178CA5B51D52B91700F61024 /* Services */,
				178CA5A51D525B8C00F61024 /* Constants.swift */,
				176BEAE01D517E2300180FE9 /* Model */,
				176BEAE11D517E2700180FE9 /* View */,
				176BEAE21D517E2C00180FE9 /* Controller */,
				176BEACC1D517C9900180FE9 /* AppDelegate.swift */,
				176BEAD01D517C9900180FE9 /* Main.storyboard */,
				176BEAD31D517C9900180FE9 /* Assets.xcassets */,
				176BEAD51D517C9900180FE9 /* LaunchScreen.storyboard */,
				176BEAD81D517C9900180FE9 /* Info.plist */,
				176BEADE1D517CD900180FE9 /* GoogleService-Info.plist */,
			);
			path = socialApp;
			sourceTree = "<group>";
		};
		176BEAE01D517E2300180FE9 /* Model */ = {
			isa = PBXGroup;
			children = (
				178CA5B81D52C57700F61024 /* Post.swift */,
			);
			name = Model;
			sourceTree = "<group>";
		};
		176BEAE11D517E2700180FE9 /* View */ = {
			isa = PBXGroup;
			children = (
				178CA5A31D525B1D00F61024 /* headerView.swift */,
				178CA5A91D525D9D00F61024 /* roundBtn.swift */,
				178CA5AB1D52600900F61024 /* betterField.swift */,
				178CA5AD1D52613300F61024 /* roundRectBtn.swift */,
				178CA5B11D52A90200F61024 /* circleView.swift */,
				178CA5B31D52AEFE00F61024 /* PostCell.swift */,
			);
			name = View;
			sourceTree = "<group>";
		};
		176BEAE21D517E2C00180FE9 /* Controller */ = {
			isa = PBXGroup;
			children = (
				176BEACE1D517C9900180FE9 /* SignInVC.swift */,
				178CA5AF1D52718200F61024 /* FeedVC.swift */,
			);
			name = Controller;
			sourceTree = "<group>";
		};
		178CA5B51D52B91700F61024 /* Services */ = {
			isa = PBXGroup;
			children = (
				178CA5B61D52B92B00F61024 /* DataService.swift */,
			);
			name = Services;
			sourceTree = "<group>";
		};
		BB8EE2F0A0F422CB569B40F5 /* Frameworks */ = {
			isa = PBXGroup;
			children = (
				5715559BEE168FC1BAC18CF8 /* Pods_socialApp.framework */,
			);
			name = Frameworks;
			sourceTree = "<group>";
		};
		BD93A926726650F1E162C430 /* Pods */ = {
			isa = PBXGroup;
			children = (
				BDCE9DCAEB973C6A59CE0A06 /* Pods-socialApp.debug.xcconfig */,
				CF8273259FB41F506AAE03F6 /* Pods-socialApp.release.xcconfig */,
			);
			name = Pods;
			sourceTree = "<group>";
		};
/* End PBXGroup section */

/* Begin PBXNativeTarget section */
		176BEAC81D517C9900180FE9 /* socialApp */ = {
			isa = PBXNativeTarget;
			buildConfigurationList = 176BEADB1D517C9900180FE9 /* Build configuration list for PBXNativeTarget "socialApp" */;
			buildPhases = (
				222924409193678B1F457C1F /* [CP] Check Pods Manifest.lock */,
				176BEAC51D517C9900180FE9 /* Sources */,
				176BEAC61D517C9900180FE9 /* Frameworks */,
				176BEAC71D517C9900180FE9 /* Resources */,
				116B5EEBC66597B404122ADA /* [CP] Embed Pods Frameworks */,
				19BB768F85F07BF796510A86 /* [CP] Copy Pods Resources */,
			);
			buildRules = (
			);
			dependencies = (
			);
			name = socialApp;
			productName = socialApp;
			productReference = 176BEAC91D517C9900180FE9 /* socialApp.app */;
			productType = "com.apple.product-type.application";
		};
/* End PBXNativeTarget section */

/* Begin PBXProject section */
		176BEAC11D517C9900180FE9 /* Project object */ = {
			isa = PBXProject;
			attributes = {
				LastSwiftUpdateCheck = 0730;
				LastUpgradeCheck = 0730;
				ORGANIZATIONNAME = "Jonathan Bohrer";
				TargetAttributes = {
					176BEAC81D517C9900180FE9 = {
						CreatedOnToolsVersion = 7.3.1;
					};
				};
			};
			buildConfigurationList = 176BEAC41D517C9900180FE9 /* Build configuration list for PBXProject "socialApp" */;
			compatibilityVersion = "Xcode 3.2";
			developmentRegion = English;
			hasScannedForEncodings = 0;
			knownRegions = (
				en,
				Base,
			);
			mainGroup = 176BEAC01D517C9900180FE9;
			productRefGroup = 176BEACA1D517C9900180FE9 /* Products */;
			projectDirPath = "";
			projectRoot = "";
			targets = (
				176BEAC81D517C9900180FE9 /* socialApp */,
			);
		};
/* End PBXProject section */

/* Begin PBXResourcesBuildPhase section */
		176BEAC71D517C9900180FE9 /* Resources */ = {
			isa = PBXResourcesBuildPhase;
			buildActionMask = 2147483647;
			files = (
				176BEAD71D517C9900180FE9 /* LaunchScreen.storyboard in Resources */,
				176BEADF1D517CD900180FE9 /* GoogleService-Info.plist in Resources */,
				176BEAD41D517C9900180FE9 /* Assets.xcassets in Resources */,
				176BEAD21D517C9900180FE9 /* Main.storyboard in Resources */,
			);
			runOnlyForDeploymentPostprocessing = 0;
		};
/* End PBXResourcesBuildPhase section */

/* Begin PBXShellScriptBuildPhase section */
		116B5EEBC66597B404122ADA /* [CP] Embed Pods Frameworks */ = {
			isa = PBXShellScriptBuildPhase;
			buildActionMask = 2147483647;
			files = (
			);
			inputPaths = (
			);
			name = "[CP] Embed Pods Frameworks";
			outputPaths = (
			);
			runOnlyForDeploymentPostprocessing = 0;
			shellPath = /bin/sh;
			shellScript = "\"${SRCROOT}/Pods/Target Support Files/Pods-socialApp/Pods-socialApp-frameworks.sh\"\n";
			showEnvVarsInLog = 0;
		};
		19BB768F85F07BF796510A86 /* [CP] Copy Pods Resources */ = {
			isa = PBXShellScriptBuildPhase;
			buildActionMask = 2147483647;
			files = (
			);
			inputPaths = (
			);
			name = "[CP] Copy Pods Resources";
			outputPaths = (
			);
			runOnlyForDeploymentPostprocessing = 0;
			shellPath = /bin/sh;
			shellScript = "\"${SRCROOT}/Pods/Target Support Files/Pods-socialApp/Pods-socialApp-resources.sh\"\n";
			showEnvVarsInLog = 0;
		};
		222924409193678B1F457C1F /* [CP] Check Pods Manifest.lock */ = {
			isa = PBXShellScriptBuildPhase;
			buildActionMask = 2147483647;
			files = (
			);
			inputPaths = (
			);
			name = "[CP] Check Pods Manifest.lock";
			outputPaths = (
			);
			runOnlyForDeploymentPostprocessing = 0;
			shellPath = /bin/sh;
			shellScript = "diff \"${PODS_ROOT}/../Podfile.lock\" \"${PODS_ROOT}/Manifest.lock\" > /dev/null\nif [[ $? != 0 ]] ; then\n    cat << EOM\nerror: The sandbox is not in sync with the Podfile.lock. Run 'pod install' or update your CocoaPods installation.\nEOM\n    exit 1\nfi\n";
			showEnvVarsInLog = 0;
		};
/* End PBXShellScriptBuildPhase section */

/* Begin PBXSourcesBuildPhase section */
		176BEAC51D517C9900180FE9 /* Sources */ = {
			isa = PBXSourcesBuildPhase;
			buildActionMask = 2147483647;
			files = (
				176BEACF1D517C9900180FE9 /* SignInVC.swift in Sources */,
				178CA5AA1D525D9D00F61024 /* roundBtn.swift in Sources */,
				178CA5AC1D52600900F61024 /* betterField.swift in Sources */,
				178CA5B91D52C57700F61024 /* Post.swift in Sources */,
				176BEACD1D517C9900180FE9 /* AppDelegate.swift in Sources */,
				178CA5B21D52A90200F61024 /* circleView.swift in Sources */,
				178CA5B71D52B92B00F61024 /* DataService.swift in Sources */,
				178CA5B01D52718200F61024 /* FeedVC.swift in Sources */,
				178CA5A41D525B1D00F61024 /* headerView.swift in Sources */,
				178CA5A61D525B8C00F61024 /* Constants.swift in Sources */,
				178CA5AE1D52613300F61024 /* roundRectBtn.swift in Sources */,
				178CA5B41D52AEFE00F61024 /* PostCell.swift in Sources */,
			);
			runOnlyForDeploymentPostprocessing = 0;
		};
/* End PBXSourcesBuildPhase section */

/* Begin PBXVariantGroup section */
		176BEAD01D517C9900180FE9 /* Main.storyboard */ = {
			isa = PBXVariantGroup;
			children = (
				176BEAD11D517C9900180FE9 /* Base */,
			);
			name = Main.storyboard;
			sourceTree = "<group>";
		};
		176BEAD51D517C9900180FE9 /* LaunchScreen.storyboard */ = {
			isa = PBXVariantGroup;
			children = (
				176BEAD61D517C9900180FE9 /* Base */,
			);
			name = LaunchScreen.storyboard;
			sourceTree = "<group>";
		};
/* End PBXVariantGroup section */

/* Begin XCBuildConfiguration section */
		176BEAD91D517C9900180FE9 /* Debug */ = {
			isa = XCBuildConfiguration;
			buildSettings = {
				ALWAYS_SEARCH_USER_PATHS = NO;
				CLANG_ANALYZER_NONNULL = YES;
				CLANG_CXX_LANGUAGE_STANDARD = "gnu++0x";
				CLANG_CXX_LIBRARY = "libc++";
				CLANG_ENABLE_MODULES = YES;
				CLANG_ENABLE_OBJC_ARC = YES;
				CLANG_WARN_BOOL_CONVERSION = YES;
				CLANG_WARN_CONSTANT_CONVERSION = YES;
				CLANG_WARN_DIRECT_OBJC_ISA_USAGE = YES_ERROR;
				CLANG_WARN_EMPTY_BODY = YES;
				CLANG_WARN_ENUM_CONVERSION = YES;
				CLANG_WARN_INT_CONVERSION = YES;
				CLANG_WARN_OBJC_ROOT_CLASS = YES_ERROR;
				CLANG_WARN_UNREACHABLE_CODE = YES;
				CLANG_WARN__DUPLICATE_METHOD_MATCH = YES;
				"CODE_SIGN_IDENTITY[sdk=iphoneos*]" = "iPhone Developer";
				COPY_PHASE_STRIP = NO;
				DEBUG_INFORMATION_FORMAT = dwarf;
				ENABLE_STRICT_OBJC_MSGSEND = YES;
				ENABLE_TESTABILITY = YES;
				GCC_C_LANGUAGE_STANDARD = gnu99;
				GCC_DYNAMIC_NO_PIC = NO;
				GCC_NO_COMMON_BLOCKS = YES;
				GCC_OPTIMIZATION_LEVEL = 0;
				GCC_PREPROCESSOR_DEFINITIONS = (
					"DEBUG=1",
					"$(inherited)",
				);
				GCC_WARN_64_TO_32_BIT_CONVERSION = YES;
				GCC_WARN_ABOUT_RETURN_TYPE = YES_ERROR;
				GCC_WARN_UNDECLARED_SELECTOR = YES;
				GCC_WARN_UNINITIALIZED_AUTOS = YES_AGGRESSIVE;
				GCC_WARN_UNUSED_FUNCTION = YES;
				GCC_WARN_UNUSED_VARIABLE = YES;
				IPHONEOS_DEPLOYMENT_TARGET = 9.3;
				MTL_ENABLE_DEBUG_INFO = YES;
				ONLY_ACTIVE_ARCH = YES;
				SDKROOT = iphoneos;
				SWIFT_OPTIMIZATION_LEVEL = "-Onone";
			};
			name = Debug;
		};
		176BEADA1D517C9900180FE9 /* Release */ = {
			isa = XCBuildConfiguration;
			buildSettings = {
				ALWAYS_SEARCH_USER_PATHS = NO;
				CLANG_ANALYZER_NONNULL = YES;
				CLANG_CXX_LANGUAGE_STANDARD = "gnu++0x";
				CLANG_CXX_LIBRARY = "libc++";
				CLANG_ENABLE_MODULES = YES;
				CLANG_ENABLE_OBJC_ARC = YES;
				CLANG_WARN_BOOL_CONVERSION = YES;
				CLANG_WARN_CONSTANT_CONVERSION = YES;
				CLANG_WARN_DIRECT_OBJC_ISA_USAGE = YES_ERROR;
				CLANG_WARN_EMPTY_BODY = YES;
				CLANG_WARN_ENUM_CONVERSION = YES;
				CLANG_WARN_INT_CONVERSION = YES;
				CLANG_WARN_OBJC_ROOT_CLASS = YES_ERROR;
				CLANG_WARN_UNREACHABLE_CODE = YES;
				CLANG_WARN__DUPLICATE_METHOD_MATCH = YES;
				"CODE_SIGN_IDENTITY[sdk=iphoneos*]" = "iPhone Developer";
				COPY_PHASE_STRIP = NO;
				DEBUG_INFORMATION_FORMAT = "dwarf-with-dsym";
				ENABLE_NS_ASSERTIONS = NO;
				ENABLE_STRICT_OBJC_MSGSEND = YES;
				GCC_C_LANGUAGE_STANDARD = gnu99;
				GCC_NO_COMMON_BLOCKS = YES;
				GCC_WARN_64_TO_32_BIT_CONVERSION = YES;
				GCC_WARN_ABOUT_RETURN_TYPE = YES_ERROR;
				GCC_WARN_UNDECLARED_SELECTOR = YES;
				GCC_WARN_UNINITIALIZED_AUTOS = YES_AGGRESSIVE;
				GCC_WARN_UNUSED_FUNCTION = YES;
				GCC_WARN_UNUSED_VARIABLE = YES;
				IPHONEOS_DEPLOYMENT_TARGET = 9.3;
				MTL_ENABLE_DEBUG_INFO = NO;
				SDKROOT = iphoneos;
				VALIDATE_PRODUCT = YES;
			};
			name = Release;
		};
		176BEADC1D517C9900180FE9 /* Debug */ = {
			isa = XCBuildConfiguration;
			baseConfigurationReference = BDCE9DCAEB973C6A59CE0A06 /* Pods-socialApp.debug.xcconfig */;
			buildSettings = {
				ASSETCATALOG_COMPILER_APPICON_NAME = AppIcon;
				INFOPLIST_FILE = socialApp/Info.plist;
				LD_RUNPATH_SEARCH_PATHS = "$(inherited) @executable_path/Frameworks";
				PRODUCT_BUNDLE_IDENTIFIER = com.jonathanBohrer.socialApp;
				PRODUCT_NAME = "$(TARGET_NAME)";
			};
			name = Debug;
		};
		176BEADD1D517C9900180FE9 /* Release */ = {
			isa = XCBuildConfiguration;
			baseConfigurationReference = CF8273259FB41F506AAE03F6 /* Pods-socialApp.release.xcconfig */;
			buildSettings = {
				ASSETCATALOG_COMPILER_APPICON_NAME = AppIcon;
				INFOPLIST_FILE = socialApp/Info.plist;
				LD_RUNPATH_SEARCH_PATHS = "$(inherited) @executable_path/Frameworks";
				PRODUCT_BUNDLE_IDENTIFIER = com.jonathanBohrer.socialApp;
				PRODUCT_NAME = "$(TARGET_NAME)";
			};
			name = Release;
		};
/* End XCBuildConfiguration section */

/* Begin XCConfigurationList section */
		176BEAC41D517C9900180FE9 /* Build configuration list for PBXProject "socialApp" */ = {
			isa = XCConfigurationList;
			buildConfigurations = (
				176BEAD91D517C9900180FE9 /* Debug */,
				176BEADA1D517C9900180FE9 /* Release */,
			);
			defaultConfigurationIsVisible = 0;
			defaultConfigurationName = Release;
		};
		176BEADB1D517C9900180FE9 /* Build configuration list for PBXNativeTarget "socialApp" */ = {
			isa = XCConfigurationList;
			buildConfigurations = (
				176BEADC1D517C9900180FE9 /* Debug */,
				176BEADD1D517C9900180FE9 /* Release */,
			);
			defaultConfigurationIsVisible = 0;
			defaultConfigurationName = Release;
		};
/* End XCConfigurationList section */
	};
	rootObject = 176BEAC11D517C9900180FE9 /* Project object */;
}
